Microsoft Visual Studio Solution File, Format Version 12.00
# Visual Studio Version 16
VisualStudioVersion = 16.0.30621.155
MinimumVisualStudioVersion = 10.0.40219.1
Project("{FAE04EC0-301F-11D3-BF4B-00C04F79EFBC}") = "Base64EncoderDecoder", "Base64EncoderDecoder.csproj", "{40AF0D1B-50B0-455C-9F28-E5B1ABBB481A}"
EndProject
Project("{FAE04EC0-301F-11D3-BF4B-00C04F79EFBC}") = "Base64EncoderDecoder_Console", "..\Base64EncoderDecoder_Console\Base64EncoderDecoder_Console.csproj", "{EE7CC973-7A2A-4ACB-B43D-F8B9BB312584}"
EndProject
Global
	GlobalSection(SolutionConfigurationPlatforms) = preSolution
		Debug|Any CPU = Debug|Any CPU
		Release|Any CPU = Release|Any CPU
	EndGlobalSection
	GlobalSection(ProjectConfigurationPlatforms) = postSolution
		{40AF0D1B-50B0-455C-9F28-E5B1ABBB481A}.Debug|Any CPU.ActiveCfg = Debug|Any CPU
		{40AF0D1B-50B0-455C-9F28-E5B1ABBB481A}.Debug|Any CPU.Build.0 = Debug|Any CPU
		{40AF0D1B-50B0-455C-9F28-E5B1ABBB481A}.Release|Any CPU.ActiveCfg = Release|Any CPU
		{40AF0D1B-50B0-455C-9F28-E5B1ABBB481A}.Release|Any CPU.Build.0 = Release|Any CPU
		{EE7CC973-7A2A-4ACB-B43D-F8B9BB312584}.Debug|Any CPU.ActiveCfg = Debug|Any CPU
		{EE7CC973-7A2A-4ACB-B43D-F8B9BB312584}.Debug|Any CPU.Build.0 = Debug|Any CPU
		{EE7CC973-7A2A-4ACB-B43D-F8B9BB312584}.Release|Any CPU.ActiveCfg = Release|Any CPU
		{EE7CC973-7A2A-4ACB-B43D-F8B9BB312584}.Release|Any CPU.Build.0 = Release|Any CPU
	EndGlobalSection
	GlobalSection(SolutionProperties) = preSolution
		HideSolutionNode = FALSE
	EndGlobalSection
	GlobalSection(ExtensibilityGlobals) = postSolution
		SolutionGuid = {1D72712F-48D4-467A-9C05-AF4AD4C66730}
	EndGlobalSection
EndGlobal
